<Solution>
  <Folder Name="/src/" />
  <Folder Name="/src/CustomerService/">
    <Project Path="src/CustomerService/CustomerService.Api/CustomerService.Api.csproj" />
  </Folder>
  <Folder Name="/src/NotificationService/">
    <Project Path="src/NotificationService/NotificationService.Api/NotificationService.Api.csproj" />
  </Folder>
  <Folder Name="/src/OrderService/">
    <Project Path="src/OrderService/OrderService.Api/OrderService.Api.csproj" />
  </Folder>
  <Folder Name="/src/ProductService/">
    <Project Path="src/ProductService/ProductService.Api/ProductService.Api.csproj" />
  </Folder>
  <Folder Name="/src/Shared/">
    <Project Path="src/Shared/Contracts/Contracts.csproj" />
  </Folder>
</Solution>
